<Solution>
  <Folder Name="/api/">
    <Project Path="api/ExamApp.Api/ExamApp.Api.csproj" />
    <Project Path="api/ExamApp.Foundation/ExamApp.Foundation.csproj" />
  </Folder>
  <Folder Name="/AppHost/">
    <Project Path="AppHost/ExamApp.AppHost.csproj" />
  </Folder>
  <Folder Name="/auth-api/">
    <Project Path="auth-api/ExamApp.Api.csproj" />
  </Folder>
  <Folder Name="/ServiceDefaults/">
    <Project Path="ServiceDefaults/ExamApp.ServiceDefaults.csproj" />
  </Folder>
  <Folder Name="/Services/">
    <Project Path="Services/BadgeService/BadgeService.csproj" />
    <Project Path="Services/Gateway/Gateway.csproj" />
  </Folder>
  <Folder Name="/Services/OutboxPublisher/">
    <Project Path="Services/OutboxPublisher/OutboxPublisherService.csproj" />
  </Folder>
  <Folder Name="/tests/">
    <Project Path="tests/ExamApp.Foundation.Tests/ExamApp.Foundation.Tests.csproj" />
    <Project Path="tests/ExamApp.Api.Tests/ExamApp.Api.Tests.csproj" />
  </Folder>
</Solution>
